
Microsoft Visual Studio Solution File, Format Version 12.00
# Visual Studio Version 17
VisualStudioVersion = 17.3.32804.467
MinimumVisualStudioVersion = 10.0.40219.1
Project("{9A19103F-16F7-4668-BE54-9A1E7A4F7556}") = "AndroidYouTubeDownloader", "AndroidYouTubeDownloader\AndroidYouTubeDownloader.csproj", "{B968C824-362F-44C6-945C-BE02DA0D8CD6}"
EndProject
Global
	GlobalSection(SolutionConfigurationPlatforms) = preSolution
		Debug|Any CPU = Debug|Any CPU
		Release|Any CPU = Release|Any CPU
	EndGlobalSection
	GlobalSection(ProjectConfigurationPlatforms) = postSolution
		{B968C824-362F-44C6-945C-BE02DA0D8CD6}.Debug|Any CPU.ActiveCfg = Debug|Any CPU
		{B968C824-362F-44C6-945C-BE02DA0D8CD6}.Debug|Any CPU.Build.0 = Debug|Any CPU
		{B968C824-362F-44C6-945C-BE02DA0D8CD6}.Debug|Any CPU.Deploy.0 = Debug|Any CPU
		{B968C824-362F-44C6-945C-BE02DA0D8CD6}.Release|Any CPU.ActiveCfg = Release|Any CPU
		{B968C824-362F-44C6-945C-BE02DA0D8CD6}.Release|Any CPU.Build.0 = Release|Any CPU
		{B968C824-362F-44C6-945C-BE02DA0D8CD6}.Release|Any CPU.Deploy.0 = Release|Any CPU
	EndGlobalSection
	GlobalSection(SolutionProperties) = preSolution
		HideSolutionNode = FALSE
	EndGlobalSection
	GlobalSection(ExtensibilityGlobals) = postSolution
		SolutionGuid = {4089DAB4-6A5C-4B2F-8E4B-FF37A332F5F9}
	EndGlobalSection
EndGlobal
